
Microsoft Visual Studio Solution File, Format Version 12.00
# Visual Studio Version 17
VisualStudioVersion = 17.4.33122.133
MinimumVisualStudioVersion = 10.0.40219.1
Project("{FAE04EC0-301F-11D3-BF4B-00C04F79EFBC}") = "ClientList", "ClientList\ClientList.csproj", "{C0980678-ECF3-4F88-B333-25D073BA2846}"
EndProject
Global
	GlobalSection(SolutionConfigurationPlatforms) = preSolution
		Debug|Any CPU = Debug|Any CPU
		Release|Any CPU = Release|Any CPU
	EndGlobalSection
	GlobalSection(ProjectConfigurationPlatforms) = postSolution
		{C0980678-ECF3-4F88-B333-25D073BA2846}.Debug|Any CPU.ActiveCfg = Debug|Any CPU
		{C0980678-ECF3-4F88-B333-25D073BA2846}.Debug|Any CPU.Build.0 = Debug|Any CPU
		{C0980678-ECF3-4F88-B333-25D073BA2846}.Release|Any CPU.ActiveCfg = Release|Any CPU
		{C0980678-ECF3-4F88-B333-25D073BA2846}.Release|Any CPU.Build.0 = Release|Any CPU
	EndGlobalSection
	GlobalSection(SolutionProperties) = preSolution
		HideSolutionNode = FALSE
	EndGlobalSection
	GlobalSection(ExtensibilityGlobals) = postSolution
		SolutionGuid = {2AA353A0-3A2D-4B13-B9D0-7BC2CCE17043}
	EndGlobalSection
EndGlobal
